
Microsoft Visual Studio Solution File, Format Version 12.00
# Visual Studio Version 17
VisualStudioVersion = 17.3.32819.101
MinimumVisualStudioVersion = 10.0.40219.1
Project("{9A19103F-16F7-4668-BE54-9A1E7A4F7556}") = "Coralite", "Coralite.csproj", "{C9DC3765-856D-46A1-80B9-9EB51FF10810}"
EndProject
Global
	GlobalSection(SolutionConfigurationPlatforms) = preSolution
		Debug|Any CPU = Debug|Any CPU
		Release|Any CPU = Release|Any CPU
	EndGlobalSection
	GlobalSection(ProjectConfigurationPlatforms) = postSolution
		{C9DC3765-856D-46A1-80B9-9EB51FF10810}.Debug|Any CPU.ActiveCfg = Debug|Any CPU
		{C9DC3765-856D-46A1-80B9-9EB51FF10810}.Debug|Any CPU.Build.0 = Debug|Any CPU
		{C9DC3765-856D-46A1-80B9-9EB51FF10810}.Release|Any CPU.ActiveCfg = Release|Any CPU
		{C9DC3765-856D-46A1-80B9-9EB51FF10810}.Release|Any CPU.Build.0 = Release|Any CPU
	EndGlobalSection
	GlobalSection(SolutionProperties) = preSolution
		HideSolutionNode = FALSE
	EndGlobalSection
	GlobalSection(ExtensibilityGlobals) = postSolution
		SolutionGuid = {83D2F367-DC89-469E-941C-26F9DC6EC7D0}
	EndGlobalSection
EndGlobal
